# THIS IS AN AUTOGENERATED FILE. DO NOT EDIT THIS FILE DIRECTLY.
# yarn lockfile v1


"bs-platform@git+https://github.com/bsansouci/bsb-native":
  version "2.1.1"
  resolved "git+https://github.com/bsansouci/bsb-native#89a66ae4cf3f7c0a501526fd081861f7bba47ea3"

reason_async@^0.2.0:
  version "0.2.0"
  resolved "https://registry.yarnpkg.com/reason_async/-/reason_async-0.2.0.tgz#b888badf598d9b66fcf549c8c75bccf4634b1daa"
  dependencies:
    bs-platform "git+https://github.com/bsansouci/bsb-native"
